
Microsoft Visual Studio Solution File, Format Version 12.00
# Visual Studio Version 17
VisualStudioVersion = 17.6.33815.320
MinimumVisualStudioVersion = 10.0.40219.1
Project("{9A19103F-16F7-4668-BE54-9A1E7A4F7556}") = "UNITYST", "UNITYST.csproj", "{CD90FF99-D167-4AF7-8CDB-DD41D10EDEE4}"
EndProject
Project("{9A19103F-16F7-4668-BE54-9A1E7A4F7556}") = "05MemberFunc", "..\05MemberFunc\05MemberFunc.csproj", "{038FBAB4-BB9F-47CE-AA3C-9451D6600E8D}"
EndProject
Project("{9A19103F-16F7-4668-BE54-9A1E7A4F7556}") = "06LocalVar", "..\06LocalVar\06LocalVar.csproj", "{16F65EFC-004B-49E6-BC4B-A50B23C9C01C}"
EndProject
Project("{9A19103F-16F7-4668-BE54-9A1E7A4F7556}") = "07ClassAccess", "..\07ClassAccess\07ClassAccess.csproj", "{B1ADB29F-6518-4612-965A-86DD3F14C1CA}"
EndProject
Project("{9A19103F-16F7-4668-BE54-9A1E7A4F7556}") = "04Prctice", "..\04Prctice\04Prctice.csproj", "{7350ADAA-2A1C-43E3-B4FC-153B2FD993B9}"
EndProject
Project("{FAE04EC0-301F-11D3-BF4B-00C04F79EFBC}") = "08FuncEx", "..\08FuncEx\08FuncEx.csproj", "{DD375D68-138F-4522-B462-B6861A29A04D}"
EndProject
Global
	GlobalSection(SolutionConfigurationPlatforms) = preSolution
		Debug|Any CPU = Debug|Any CPU
		Release|Any CPU = Release|Any CPU
	EndGlobalSection
	GlobalSection(ProjectConfigurationPlatforms) = postSolution
		{CD90FF99-D167-4AF7-8CDB-DD41D10EDEE4}.Debug|Any CPU.ActiveCfg = Debug|Any CPU
		{CD90FF99-D167-4AF7-8CDB-DD41D10EDEE4}.Debug|Any CPU.Build.0 = Debug|Any CPU
		{CD90FF99-D167-4AF7-8CDB-DD41D10EDEE4}.Release|Any CPU.ActiveCfg = Release|Any CPU
		{CD90FF99-D167-4AF7-8CDB-DD41D10EDEE4}.Release|Any CPU.Build.0 = Release|Any CPU
		{038FBAB4-BB9F-47CE-AA3C-9451D6600E8D}.Debug|Any CPU.ActiveCfg = Debug|Any CPU
		{038FBAB4-BB9F-47CE-AA3C-9451D6600E8D}.Debug|Any CPU.Build.0 = Debug|Any CPU
		{038FBAB4-BB9F-47CE-AA3C-9451D6600E8D}.Release|Any CPU.ActiveCfg = Release|Any CPU
		{038FBAB4-BB9F-47CE-AA3C-9451D6600E8D}.Release|Any CPU.Build.0 = Release|Any CPU
		{16F65EFC-004B-49E6-BC4B-A50B23C9C01C}.Debug|Any CPU.ActiveCfg = Debug|Any CPU
		{16F65EFC-004B-49E6-BC4B-A50B23C9C01C}.Debug|Any CPU.Build.0 = Debug|Any CPU
		{16F65EFC-004B-49E6-BC4B-A50B23C9C01C}.Release|Any CPU.ActiveCfg = Release|Any CPU
		{16F65EFC-004B-49E6-BC4B-A50B23C9C01C}.Release|Any CPU.Build.0 = Release|Any CPU
		{B1ADB29F-6518-4612-965A-86DD3F14C1CA}.Debug|Any CPU.ActiveCfg = Debug|Any CPU
		{B1ADB29F-6518-4612-965A-86DD3F14C1CA}.Debug|Any CPU.Build.0 = Debug|Any CPU
		{B1ADB29F-6518-4612-965A-86DD3F14C1CA}.Release|Any CPU.ActiveCfg = Release|Any CPU
		{B1ADB29F-6518-4612-965A-86DD3F14C1CA}.Release|Any CPU.Build.0 = Release|Any CPU
		{7350ADAA-2A1C-43E3-B4FC-153B2FD993B9}.Debug|Any CPU.ActiveCfg = Debug|Any CPU
		{7350ADAA-2A1C-43E3-B4FC-153B2FD993B9}.Debug|Any CPU.Build.0 = Debug|Any CPU
		{7350ADAA-2A1C-43E3-B4FC-153B2FD993B9}.Release|Any CPU.ActiveCfg = Release|Any CPU
		{7350ADAA-2A1C-43E3-B4FC-153B2FD993B9}.Release|Any CPU.Build.0 = Release|Any CPU
		{DD375D68-138F-4522-B462-B6861A29A04D}.Debug|Any CPU.ActiveCfg = Debug|Any CPU
		{DD375D68-138F-4522-B462-B6861A29A04D}.Debug|Any CPU.Build.0 = Debug|Any CPU
		{DD375D68-138F-4522-B462-B6861A29A04D}.Release|Any CPU.ActiveCfg = Release|Any CPU
		{DD375D68-138F-4522-B462-B6861A29A04D}.Release|Any CPU.Build.0 = Release|Any CPU
	EndGlobalSection
	GlobalSection(SolutionProperties) = preSolution
		HideSolutionNode = FALSE
	EndGlobalSection
	GlobalSection(ExtensibilityGlobals) = postSolution
		SolutionGuid = {17C23403-C75D-4D44-8E23-54EF5C96BD8E}
	EndGlobalSection
EndGlobal
