
Microsoft Visual Studio Solution File, Format Version 12.00
# Visual Studio Version 17
VisualStudioVersion = 17.6.33815.320
MinimumVisualStudioVersion = 10.0.40219.1
Project("{9A19103F-16F7-4668-BE54-9A1E7A4F7556}") = "UNITYST", "UNITYST.csproj", "{CD90FF99-D167-4AF7-8CDB-DD41D10EDEE4}"
EndProject
Project("{9A19103F-16F7-4668-BE54-9A1E7A4F7556}") = "05MemberFunc", "..\05MemberFunc\05MemberFunc.csproj", "{038FBAB4-BB9F-47CE-AA3C-9451D6600E8D}"
EndProject
Project("{9A19103F-16F7-4668-BE54-9A1E7A4F7556}") = "06LocalVar", "..\06LocalVar\06LocalVar.csproj", "{16F65EFC-004B-49E6-BC4B-A50B23C9C01C}"
EndProject
Project("{9A19103F-16F7-4668-BE54-9A1E7A4F7556}") = "07ClassAccess", "..\07ClassAccess\07ClassAccess.csproj", "{B1ADB29F-6518-4612-965A-86DD3F14C1CA}"
EndProject
Project("{9A19103F-16F7-4668-BE54-9A1E7A4F7556}") = "04Prctice", "..\04Prctice\04Prctice.csproj", "{7350ADAA-2A1C-43E3-B4FC-153B2FD993B9}"
EndProject
Project("{9A19103F-16F7-4668-BE54-9A1E7A4F7556}") = "08FuncEx", "..\08FuncEx\08FuncEx.csproj", "{DD375D68-138F-4522-B462-B6861A29A04D}"
EndProject
Project("{9A19103F-16F7-4668-BE54-9A1E7A4F7556}") = "09Memotry", "..\09Memotry\09Memotry.csproj", "{01C9E862-80D6-4567-A820-26F9BA1ECAE9}"
EndProject
Project("{9A19103F-16F7-4668-BE54-9A1E7A4F7556}") = "10StaicVar", "..\10StaicVar\10StaicVar.csproj", "{1B38023F-22D2-48A7-8649-E116E554D26F}"
EndProject
Project("{9A19103F-16F7-4668-BE54-9A1E7A4F7556}") = "11This", "..\11This\11This.csproj", "{AF98DA54-ED4E-49D1-9F1D-E9638BFAAD51}"
EndProject
Project("{9A19103F-16F7-4668-BE54-9A1E7A4F7556}") = "12While", "..\12While\12While.csproj", "{76043FDF-DD22-44B5-B284-4CBA966C5265}"
EndProject
Project("{9A19103F-16F7-4668-BE54-9A1E7A4F7556}") = "13For", "..\13For\13For.csproj", "{387BB8E3-3EC6-4B81-9679-C886D716960A}"
EndProject
Project("{9A19103F-16F7-4668-BE54-9A1E7A4F7556}") = "14If", "..\14If\14If.csproj", "{84FFEE6F-0836-4509-B5C3-075619DF5FF5}"
EndProject
Project("{9A19103F-16F7-4668-BE54-9A1E7A4F7556}") = "15Switch", "..\15Switch\15Switch.csproj", "{5AB8BB1F-DF27-4833-811C-E0BA61F488EC}"
EndProject
Project("{9A19103F-16F7-4668-BE54-9A1E7A4F7556}") = "16Struct", "..\16Struct\16Struct.csproj", "{F6756F59-EA4E-48BF-A182-ECC7DCF931D3}"
EndProject
Project("{9A19103F-16F7-4668-BE54-9A1E7A4F7556}") = "17Enum", "..\17Enum\17Enum.csproj", "{43D1BD3F-2E4E-44B6-A41E-D84A047F604D}"
EndProject
Project("{2150E333-8FDC-42A3-9474-1A3956D46DE8}") = "Game", "Game", "{0F0D5A7F-8972-4BAC-B323-8C8FC75D2B02}"
EndProject
Project("{9A19103F-16F7-4668-BE54-9A1E7A4F7556}") = "TextRpg001", "..\TextRpg001\TextRpg001.csproj", "{04A5D670-6812-403E-AE2B-14DAFD93777F}"
EndProject
Project("{2150E333-8FDC-42A3-9474-1A3956D46DE8}") = "C#Master", "C#Master", "{DBFE9177-F6F0-44B7-9FE5-60D33CB45338}"
EndProject
Project("{9A19103F-16F7-4668-BE54-9A1E7A4F7556}") = "HelloWorld", "..\HelloWorld\HelloWorld.csproj", "{D05ABDFE-AA07-4EAB-82AE-FF8880842168}"
EndProject
Project("{2150E333-8FDC-42A3-9474-1A3956D46DE8}") = "asortac", "asortac", "{F6F133CF-4B91-4A38-B785-919EB1D90D76}"
EndProject
Project("{9A19103F-16F7-4668-BE54-9A1E7A4F7556}") = "01Escape", "..\01Escape\01Escape.csproj", "{4D02ED95-F7BA-45E4-ABA8-4B9A328D3E84}"
EndProject
Project("{9A19103F-16F7-4668-BE54-9A1E7A4F7556}") = "02MakeVar", "..\02MakeVar\02MakeVar.csproj", "{C8FDB01E-869A-4BDD-8200-05A7F241BE52}"
EndProject
Project("{9A19103F-16F7-4668-BE54-9A1E7A4F7556}") = "03IntegerDemo", "..\03IntegerDemo\03IntegerDemo.csproj", "{12BC6E6F-1CB0-48B9-A217-610F8832A5FC}"
EndProject
Project("{2150E333-8FDC-42A3-9474-1A3956D46DE8}") = "MicrosoftStudy", "MicrosoftStudy", "{61CA2D53-951B-455A-AF57-70C31694FC62}"
EndProject
Project("{9A19103F-16F7-4668-BE54-9A1E7A4F7556}") = "01TestProject", "..\01TestProjuct\01TestProject.csproj", "{7852471C-7507-4237-A9B3-D009E1746B72}"
EndProject
Project("{9A19103F-16F7-4668-BE54-9A1E7A4F7556}") = "02If_1", "..\02If_1\02If_1.csproj", "{4B36F189-2152-4278-99A7-B5DA5FEE6AE3}"
EndProject
Project("{9A19103F-16F7-4668-BE54-9A1E7A4F7556}") = "03CshopProjects", "..\CshopProjects\03CshopProjects.csproj", "{C32BF946-2F86-4162-BF18-14E2C0B49592}"
EndProject
Project("{9A19103F-16F7-4668-BE54-9A1E7A4F7556}") = "04Array_01", "..\04Array_01\04Array_01.csproj", "{347196F7-DE20-4914-9E55-F52613AF584D}"
EndProject
Project("{9A19103F-16F7-4668-BE54-9A1E7A4F7556}") = "05Foreach", "..\05Foreach\05Foreach.csproj", "{39C1F696-A970-47B8-9AFA-35A5501A7837}"
EndProject
Project("{9A19103F-16F7-4668-BE54-9A1E7A4F7556}") = "06StudentGrading", "..\06StudentGrading\06StudentGrading.csproj", "{D081A7CF-0447-46D7-91C0-5119EAB51B15}"
EndProject
Project("{9A19103F-16F7-4668-BE54-9A1E7A4F7556}") = "07Bool", "..\07Bool\07Bool.csproj", "{3A225CA4-ECA1-4297-971D-C53CF81312D0}"
EndProject
Project("{9A19103F-16F7-4668-BE54-9A1E7A4F7556}") = "08Bool_02", "..\08Bool_02\08Bool_02.csproj", "{A6948E75-B570-446F-86F2-DF2320700ECE}"
EndProject
Project("{9A19103F-16F7-4668-BE54-9A1E7A4F7556}") = "09Switch", "..\09Switch\09Switch.csproj", "{37E92BC3-DE97-4D26-BCDC-2D48182A2763}"
EndProject
Project("{9A19103F-16F7-4668-BE54-9A1E7A4F7556}") = "10For", "..\10For\10For.csproj", "{5A6A5705-B25B-450F-89D5-A309BACEDF81}"
EndProject
Project("{9A19103F-16F7-4668-BE54-9A1E7A4F7556}") = "11While", "..\11While\11While.csproj", "{962FAA15-F446-4162-B7C1-3FE0ECB9EFEE}"
EndProject
Project("{9A19103F-16F7-4668-BE54-9A1E7A4F7556}") = "12WhileFinish", "..\12WhileFinish\12WhileFinish.csproj", "{40D5171A-351D-4623-8538-4FAD2B250FD2}"
EndProject
Project("{9A19103F-16F7-4668-BE54-9A1E7A4F7556}") = "13WhileHomeWork", "..\13WhileHomeWork\13WhileHomeWork.csproj", "{37518423-E408-4514-A51D-82F67DE5C5B4}"
EndProject
Project("{9A19103F-16F7-4668-BE54-9A1E7A4F7556}") = "14NameEnter", "..\nameEnter\14NameEnter.csproj", "{A2A0413D-32D4-4796-A35C-595D2BF52E6A}"
EndProject
Project("{9A19103F-16F7-4668-BE54-9A1E7A4F7556}") = "15StringForeach", "..\15StringForeach\15StringForeach.csproj", "{0E9A14F1-D732-47D5-A2A3-B302E85A2AE8}"
EndProject
Project("{2150E333-8FDC-42A3-9474-1A3956D46DE8}") = "Gpt", "Gpt", "{652BC93B-33D3-4949-B764-DC2EE51B44D9}"
EndProject
Project("{9A19103F-16F7-4668-BE54-9A1E7A4F7556}") = "20230901", "..\20230901\20230901.csproj", "{79D3CCD8-F979-4214-A596-A4FA3DF7430D}"
EndProject
Project("{9A19103F-16F7-4668-BE54-9A1E7A4F7556}") = "16OurAnimals", "..\16OurAnimals\16OurAnimals.csproj", "{95CA686A-7CF6-44EE-A8C5-5F71E273F59B}"
EndProject
Project("{9A19103F-16F7-4668-BE54-9A1E7A4F7556}") = "Starter", "C:\Users\Administrator\Downloads\Guided-project-branching-looping-CSharp-main\Guided-project-branching-looping-CSharp-main\GuidedProject\Starter\Starter.csproj", "{20E1A37D-2ECA-43E4-B63A-3F32E4262EDE}"
EndProject
Project("{FAE04EC0-301F-11D3-BF4B-00C04F79EFBC}") = "17Foreach", "..\17Foreach\17Foreach.csproj", "{0DCAC706-1AEB-4A6E-958A-ECCB90236549}"
EndProject
Global
	GlobalSection(SolutionConfigurationPlatforms) = preSolution
		Debug|Any CPU = Debug|Any CPU
		Release|Any CPU = Release|Any CPU
	EndGlobalSection
	GlobalSection(ProjectConfigurationPlatforms) = postSolution
		{CD90FF99-D167-4AF7-8CDB-DD41D10EDEE4}.Debug|Any CPU.ActiveCfg = Debug|Any CPU
		{CD90FF99-D167-4AF7-8CDB-DD41D10EDEE4}.Debug|Any CPU.Build.0 = Debug|Any CPU
		{CD90FF99-D167-4AF7-8CDB-DD41D10EDEE4}.Release|Any CPU.ActiveCfg = Release|Any CPU
		{CD90FF99-D167-4AF7-8CDB-DD41D10EDEE4}.Release|Any CPU.Build.0 = Release|Any CPU
		{038FBAB4-BB9F-47CE-AA3C-9451D6600E8D}.Debug|Any CPU.ActiveCfg = Debug|Any CPU
		{038FBAB4-BB9F-47CE-AA3C-9451D6600E8D}.Debug|Any CPU.Build.0 = Debug|Any CPU
		{038FBAB4-BB9F-47CE-AA3C-9451D6600E8D}.Release|Any CPU.ActiveCfg = Release|Any CPU
		{038FBAB4-BB9F-47CE-AA3C-9451D6600E8D}.Release|Any CPU.Build.0 = Release|Any CPU
		{16F65EFC-004B-49E6-BC4B-A50B23C9C01C}.Debug|Any CPU.ActiveCfg = Debug|Any CPU
		{16F65EFC-004B-49E6-BC4B-A50B23C9C01C}.Debug|Any CPU.Build.0 = Debug|Any CPU
		{16F65EFC-004B-49E6-BC4B-A50B23C9C01C}.Release|Any CPU.ActiveCfg = Release|Any CPU
		{16F65EFC-004B-49E6-BC4B-A50B23C9C01C}.Release|Any CPU.Build.0 = Release|Any CPU
		{B1ADB29F-6518-4612-965A-86DD3F14C1CA}.Debug|Any CPU.ActiveCfg = Debug|Any CPU
		{B1ADB29F-6518-4612-965A-86DD3F14C1CA}.Debug|Any CPU.Build.0 = Debug|Any CPU
		{B1ADB29F-6518-4612-965A-86DD3F14C1CA}.Release|Any CPU.ActiveCfg = Release|Any CPU
		{B1ADB29F-6518-4612-965A-86DD3F14C1CA}.Release|Any CPU.Build.0 = Release|Any CPU
		{7350ADAA-2A1C-43E3-B4FC-153B2FD993B9}.Debug|Any CPU.ActiveCfg = Debug|Any CPU
		{7350ADAA-2A1C-43E3-B4FC-153B2FD993B9}.Debug|Any CPU.Build.0 = Debug|Any CPU
		{7350ADAA-2A1C-43E3-B4FC-153B2FD993B9}.Release|Any CPU.ActiveCfg = Release|Any CPU
		{7350ADAA-2A1C-43E3-B4FC-153B2FD993B9}.Release|Any CPU.Build.0 = Release|Any CPU
		{DD375D68-138F-4522-B462-B6861A29A04D}.Debug|Any CPU.ActiveCfg = Debug|Any CPU
		{DD375D68-138F-4522-B462-B6861A29A04D}.Debug|Any CPU.Build.0 = Debug|Any CPU
		{DD375D68-138F-4522-B462-B6861A29A04D}.Release|Any CPU.ActiveCfg = Release|Any CPU
		{DD375D68-138F-4522-B462-B6861A29A04D}.Release|Any CPU.Build.0 = Release|Any CPU
		{01C9E862-80D6-4567-A820-26F9BA1ECAE9}.Debug|Any CPU.ActiveCfg = Debug|Any CPU
		{01C9E862-80D6-4567-A820-26F9BA1ECAE9}.Debug|Any CPU.Build.0 = Debug|Any CPU
		{01C9E862-80D6-4567-A820-26F9BA1ECAE9}.Release|Any CPU.ActiveCfg = Release|Any CPU
		{01C9E862-80D6-4567-A820-26F9BA1ECAE9}.Release|Any CPU.Build.0 = Release|Any CPU
		{1B38023F-22D2-48A7-8649-E116E554D26F}.Debug|Any CPU.ActiveCfg = Debug|Any CPU
		{1B38023F-22D2-48A7-8649-E116E554D26F}.Debug|Any CPU.Build.0 = Debug|Any CPU
		{1B38023F-22D2-48A7-8649-E116E554D26F}.Release|Any CPU.ActiveCfg = Release|Any CPU
		{1B38023F-22D2-48A7-8649-E116E554D26F}.Release|Any CPU.Build.0 = Release|Any CPU
		{AF98DA54-ED4E-49D1-9F1D-E9638BFAAD51}.Debug|Any CPU.ActiveCfg = Debug|Any CPU
		{AF98DA54-ED4E-49D1-9F1D-E9638BFAAD51}.Debug|Any CPU.Build.0 = Debug|Any CPU
		{AF98DA54-ED4E-49D1-9F1D-E9638BFAAD51}.Release|Any CPU.ActiveCfg = Release|Any CPU
		{AF98DA54-ED4E-49D1-9F1D-E9638BFAAD51}.Release|Any CPU.Build.0 = Release|Any CPU
		{76043FDF-DD22-44B5-B284-4CBA966C5265}.Debug|Any CPU.ActiveCfg = Debug|Any CPU
		{76043FDF-DD22-44B5-B284-4CBA966C5265}.Debug|Any CPU.Build.0 = Debug|Any CPU
		{76043FDF-DD22-44B5-B284-4CBA966C5265}.Release|Any CPU.ActiveCfg = Release|Any CPU
		{76043FDF-DD22-44B5-B284-4CBA966C5265}.Release|Any CPU.Build.0 = Release|Any CPU
		{387BB8E3-3EC6-4B81-9679-C886D716960A}.Debug|Any CPU.ActiveCfg = Debug|Any CPU
		{387BB8E3-3EC6-4B81-9679-C886D716960A}.Debug|Any CPU.Build.0 = Debug|Any CPU
		{387BB8E3-3EC6-4B81-9679-C886D716960A}.Release|Any CPU.ActiveCfg = Release|Any CPU
		{387BB8E3-3EC6-4B81-9679-C886D716960A}.Release|Any CPU.Build.0 = Release|Any CPU
		{84FFEE6F-0836-4509-B5C3-075619DF5FF5}.Debug|Any CPU.ActiveCfg = Debug|Any CPU
		{84FFEE6F-0836-4509-B5C3-075619DF5FF5}.Debug|Any CPU.Build.0 = Debug|Any CPU
		{84FFEE6F-0836-4509-B5C3-075619DF5FF5}.Release|Any CPU.ActiveCfg = Release|Any CPU
		{84FFEE6F-0836-4509-B5C3-075619DF5FF5}.Release|Any CPU.Build.0 = Release|Any CPU
		{5AB8BB1F-DF27-4833-811C-E0BA61F488EC}.Debug|Any CPU.ActiveCfg = Debug|Any CPU
		{5AB8BB1F-DF27-4833-811C-E0BA61F488EC}.Debug|Any CPU.Build.0 = Debug|Any CPU
		{5AB8BB1F-DF27-4833-811C-E0BA61F488EC}.Release|Any CPU.ActiveCfg = Release|Any CPU
		{5AB8BB1F-DF27-4833-811C-E0BA61F488EC}.Release|Any CPU.Build.0 = Release|Any CPU
		{F6756F59-EA4E-48BF-A182-ECC7DCF931D3}.Debug|Any CPU.ActiveCfg = Debug|Any CPU
		{F6756F59-EA4E-48BF-A182-ECC7DCF931D3}.Debug|Any CPU.Build.0 = Debug|Any CPU
		{F6756F59-EA4E-48BF-A182-ECC7DCF931D3}.Release|Any CPU.ActiveCfg = Release|Any CPU
		{F6756F59-EA4E-48BF-A182-ECC7DCF931D3}.Release|Any CPU.Build.0 = Release|Any CPU
		{43D1BD3F-2E4E-44B6-A41E-D84A047F604D}.Debug|Any CPU.ActiveCfg = Debug|Any CPU
		{43D1BD3F-2E4E-44B6-A41E-D84A047F604D}.Debug|Any CPU.Build.0 = Debug|Any CPU
		{43D1BD3F-2E4E-44B6-A41E-D84A047F604D}.Release|Any CPU.ActiveCfg = Release|Any CPU
		{43D1BD3F-2E4E-44B6-A41E-D84A047F604D}.Release|Any CPU.Build.0 = Release|Any CPU
		{04A5D670-6812-403E-AE2B-14DAFD93777F}.Debug|Any CPU.ActiveCfg = Debug|Any CPU
		{04A5D670-6812-403E-AE2B-14DAFD93777F}.Debug|Any CPU.Build.0 = Debug|Any CPU
		{04A5D670-6812-403E-AE2B-14DAFD93777F}.Release|Any CPU.ActiveCfg = Release|Any CPU
		{04A5D670-6812-403E-AE2B-14DAFD93777F}.Release|Any CPU.Build.0 = Release|Any CPU
		{D05ABDFE-AA07-4EAB-82AE-FF8880842168}.Debug|Any CPU.ActiveCfg = Debug|Any CPU
		{D05ABDFE-AA07-4EAB-82AE-FF8880842168}.Debug|Any CPU.Build.0 = Debug|Any CPU
		{D05ABDFE-AA07-4EAB-82AE-FF8880842168}.Release|Any CPU.ActiveCfg = Release|Any CPU
		{D05ABDFE-AA07-4EAB-82AE-FF8880842168}.Release|Any CPU.Build.0 = Release|Any CPU
		{4D02ED95-F7BA-45E4-ABA8-4B9A328D3E84}.Debug|Any CPU.ActiveCfg = Debug|Any CPU
		{4D02ED95-F7BA-45E4-ABA8-4B9A328D3E84}.Debug|Any CPU.Build.0 = Debug|Any CPU
		{4D02ED95-F7BA-45E4-ABA8-4B9A328D3E84}.Release|Any CPU.ActiveCfg = Release|Any CPU
		{4D02ED95-F7BA-45E4-ABA8-4B9A328D3E84}.Release|Any CPU.Build.0 = Release|Any CPU
		{C8FDB01E-869A-4BDD-8200-05A7F241BE52}.Debug|Any CPU.ActiveCfg = Debug|Any CPU
		{C8FDB01E-869A-4BDD-8200-05A7F241BE52}.Debug|Any CPU.Build.0 = Debug|Any CPU
		{C8FDB01E-869A-4BDD-8200-05A7F241BE52}.Release|Any CPU.ActiveCfg = Release|Any CPU
		{C8FDB01E-869A-4BDD-8200-05A7F241BE52}.Release|Any CPU.Build.0 = Release|Any CPU
		{12BC6E6F-1CB0-48B9-A217-610F8832A5FC}.Debug|Any CPU.ActiveCfg = Debug|Any CPU
		{12BC6E6F-1CB0-48B9-A217-610F8832A5FC}.Debug|Any CPU.Build.0 = Debug|Any CPU
		{12BC6E6F-1CB0-48B9-A217-610F8832A5FC}.Release|Any CPU.ActiveCfg = Release|Any CPU
		{12BC6E6F-1CB0-48B9-A217-610F8832A5FC}.Release|Any CPU.Build.0 = Release|Any CPU
		{7852471C-7507-4237-A9B3-D009E1746B72}.Debug|Any CPU.ActiveCfg = Debug|Any CPU
		{7852471C-7507-4237-A9B3-D009E1746B72}.Debug|Any CPU.Build.0 = Debug|Any CPU
		{7852471C-7507-4237-A9B3-D009E1746B72}.Release|Any CPU.ActiveCfg = Release|Any CPU
		{7852471C-7507-4237-A9B3-D009E1746B72}.Release|Any CPU.Build.0 = Release|Any CPU
		{4B36F189-2152-4278-99A7-B5DA5FEE6AE3}.Debug|Any CPU.ActiveCfg = Debug|Any CPU
		{4B36F189-2152-4278-99A7-B5DA5FEE6AE3}.Debug|Any CPU.Build.0 = Debug|Any CPU
		{4B36F189-2152-4278-99A7-B5DA5FEE6AE3}.Release|Any CPU.ActiveCfg = Release|Any CPU
		{4B36F189-2152-4278-99A7-B5DA5FEE6AE3}.Release|Any CPU.Build.0 = Release|Any CPU
		{C32BF946-2F86-4162-BF18-14E2C0B49592}.Debug|Any CPU.ActiveCfg = Debug|Any CPU
		{C32BF946-2F86-4162-BF18-14E2C0B49592}.Debug|Any CPU.Build.0 = Debug|Any CPU
		{C32BF946-2F86-4162-BF18-14E2C0B49592}.Release|Any CPU.ActiveCfg = Release|Any CPU
		{C32BF946-2F86-4162-BF18-14E2C0B49592}.Release|Any CPU.Build.0 = Release|Any CPU
		{347196F7-DE20-4914-9E55-F52613AF584D}.Debug|Any CPU.ActiveCfg = Debug|Any CPU
		{347196F7-DE20-4914-9E55-F52613AF584D}.Debug|Any CPU.Build.0 = Debug|Any CPU
		{347196F7-DE20-4914-9E55-F52613AF584D}.Release|Any CPU.ActiveCfg = Release|Any CPU
		{347196F7-DE20-4914-9E55-F52613AF584D}.Release|Any CPU.Build.0 = Release|Any CPU
		{39C1F696-A970-47B8-9AFA-35A5501A7837}.Debug|Any CPU.ActiveCfg = Debug|Any CPU
		{39C1F696-A970-47B8-9AFA-35A5501A7837}.Debug|Any CPU.Build.0 = Debug|Any CPU
		{39C1F696-A970-47B8-9AFA-35A5501A7837}.Release|Any CPU.ActiveCfg = Release|Any CPU
		{39C1F696-A970-47B8-9AFA-35A5501A7837}.Release|Any CPU.Build.0 = Release|Any CPU
		{D081A7CF-0447-46D7-91C0-5119EAB51B15}.Debug|Any CPU.ActiveCfg = Debug|Any CPU
		{D081A7CF-0447-46D7-91C0-5119EAB51B15}.Debug|Any CPU.Build.0 = Debug|Any CPU
		{D081A7CF-0447-46D7-91C0-5119EAB51B15}.Release|Any CPU.ActiveCfg = Release|Any CPU
		{D081A7CF-0447-46D7-91C0-5119EAB51B15}.Release|Any CPU.Build.0 = Release|Any CPU
		{3A225CA4-ECA1-4297-971D-C53CF81312D0}.Debug|Any CPU.ActiveCfg = Debug|Any CPU
		{3A225CA4-ECA1-4297-971D-C53CF81312D0}.Debug|Any CPU.Build.0 = Debug|Any CPU
		{3A225CA4-ECA1-4297-971D-C53CF81312D0}.Release|Any CPU.ActiveCfg = Release|Any CPU
		{3A225CA4-ECA1-4297-971D-C53CF81312D0}.Release|Any CPU.Build.0 = Release|Any CPU
		{A6948E75-B570-446F-86F2-DF2320700ECE}.Debug|Any CPU.ActiveCfg = Debug|Any CPU
		{A6948E75-B570-446F-86F2-DF2320700ECE}.Debug|Any CPU.Build.0 = Debug|Any CPU
		{A6948E75-B570-446F-86F2-DF2320700ECE}.Release|Any CPU.ActiveCfg = Release|Any CPU
		{A6948E75-B570-446F-86F2-DF2320700ECE}.Release|Any CPU.Build.0 = Release|Any CPU
		{37E92BC3-DE97-4D26-BCDC-2D48182A2763}.Debug|Any CPU.ActiveCfg = Debug|Any CPU
		{37E92BC3-DE97-4D26-BCDC-2D48182A2763}.Debug|Any CPU.Build.0 = Debug|Any CPU
		{37E92BC3-DE97-4D26-BCDC-2D48182A2763}.Release|Any CPU.ActiveCfg = Release|Any CPU
		{37E92BC3-DE97-4D26-BCDC-2D48182A2763}.Release|Any CPU.Build.0 = Release|Any CPU
		{5A6A5705-B25B-450F-89D5-A309BACEDF81}.Debug|Any CPU.ActiveCfg = Debug|Any CPU
		{5A6A5705-B25B-450F-89D5-A309BACEDF81}.Debug|Any CPU.Build.0 = Debug|Any CPU
		{5A6A5705-B25B-450F-89D5-A309BACEDF81}.Release|Any CPU.ActiveCfg = Release|Any CPU
		{5A6A5705-B25B-450F-89D5-A309BACEDF81}.Release|Any CPU.Build.0 = Release|Any CPU
		{962FAA15-F446-4162-B7C1-3FE0ECB9EFEE}.Debug|Any CPU.ActiveCfg = Debug|Any CPU
		{962FAA15-F446-4162-B7C1-3FE0ECB9EFEE}.Debug|Any CPU.Build.0 = Debug|Any CPU
		{962FAA15-F446-4162-B7C1-3FE0ECB9EFEE}.Release|Any CPU.ActiveCfg = Release|Any CPU
		{962FAA15-F446-4162-B7C1-3FE0ECB9EFEE}.Release|Any CPU.Build.0 = Release|Any CPU
		{40D5171A-351D-4623-8538-4FAD2B250FD2}.Debug|Any CPU.ActiveCfg = Debug|Any CPU
		{40D5171A-351D-4623-8538-4FAD2B250FD2}.Debug|Any CPU.Build.0 = Debug|Any CPU
		{40D5171A-351D-4623-8538-4FAD2B250FD2}.Release|Any CPU.ActiveCfg = Release|Any CPU
		{40D5171A-351D-4623-8538-4FAD2B250FD2}.Release|Any CPU.Build.0 = Release|Any CPU
		{37518423-E408-4514-A51D-82F67DE5C5B4}.Debug|Any CPU.ActiveCfg = Debug|Any CPU
		{37518423-E408-4514-A51D-82F67DE5C5B4}.Debug|Any CPU.Build.0 = Debug|Any CPU
		{37518423-E408-4514-A51D-82F67DE5C5B4}.Release|Any CPU.ActiveCfg = Release|Any CPU
		{37518423-E408-4514-A51D-82F67DE5C5B4}.Release|Any CPU.Build.0 = Release|Any CPU
		{A2A0413D-32D4-4796-A35C-595D2BF52E6A}.Debug|Any CPU.ActiveCfg = Debug|Any CPU
		{A2A0413D-32D4-4796-A35C-595D2BF52E6A}.Debug|Any CPU.Build.0 = Debug|Any CPU
		{A2A0413D-32D4-4796-A35C-595D2BF52E6A}.Release|Any CPU.ActiveCfg = Release|Any CPU
		{A2A0413D-32D4-4796-A35C-595D2BF52E6A}.Release|Any CPU.Build.0 = Release|Any CPU
		{0E9A14F1-D732-47D5-A2A3-B302E85A2AE8}.Debug|Any CPU.ActiveCfg = Debug|Any CPU
		{0E9A14F1-D732-47D5-A2A3-B302E85A2AE8}.Debug|Any CPU.Build.0 = Debug|Any CPU
		{0E9A14F1-D732-47D5-A2A3-B302E85A2AE8}.Release|Any CPU.ActiveCfg = Release|Any CPU
		{0E9A14F1-D732-47D5-A2A3-B302E85A2AE8}.Release|Any CPU.Build.0 = Release|Any CPU
		{79D3CCD8-F979-4214-A596-A4FA3DF7430D}.Debug|Any CPU.ActiveCfg = Debug|Any CPU
		{79D3CCD8-F979-4214-A596-A4FA3DF7430D}.Debug|Any CPU.Build.0 = Debug|Any CPU
		{79D3CCD8-F979-4214-A596-A4FA3DF7430D}.Release|Any CPU.ActiveCfg = Release|Any CPU
		{79D3CCD8-F979-4214-A596-A4FA3DF7430D}.Release|Any CPU.Build.0 = Release|Any CPU
		{95CA686A-7CF6-44EE-A8C5-5F71E273F59B}.Debug|Any CPU.ActiveCfg = Debug|Any CPU
		{95CA686A-7CF6-44EE-A8C5-5F71E273F59B}.Debug|Any CPU.Build.0 = Debug|Any CPU
		{95CA686A-7CF6-44EE-A8C5-5F71E273F59B}.Release|Any CPU.ActiveCfg = Release|Any CPU
		{95CA686A-7CF6-44EE-A8C5-5F71E273F59B}.Release|Any CPU.Build.0 = Release|Any CPU
		{20E1A37D-2ECA-43E4-B63A-3F32E4262EDE}.Debug|Any CPU.ActiveCfg = Debug|Any CPU
		{20E1A37D-2ECA-43E4-B63A-3F32E4262EDE}.Debug|Any CPU.Build.0 = Debug|Any CPU
		{20E1A37D-2ECA-43E4-B63A-3F32E4262EDE}.Release|Any CPU.ActiveCfg = Release|Any CPU
		{20E1A37D-2ECA-43E4-B63A-3F32E4262EDE}.Release|Any CPU.Build.0 = Release|Any CPU
		{0DCAC706-1AEB-4A6E-958A-ECCB90236549}.Debug|Any CPU.ActiveCfg = Debug|Any CPU
		{0DCAC706-1AEB-4A6E-958A-ECCB90236549}.Debug|Any CPU.Build.0 = Debug|Any CPU
		{0DCAC706-1AEB-4A6E-958A-ECCB90236549}.Release|Any CPU.ActiveCfg = Release|Any CPU
		{0DCAC706-1AEB-4A6E-958A-ECCB90236549}.Release|Any CPU.Build.0 = Release|Any CPU
	EndGlobalSection
	GlobalSection(SolutionProperties) = preSolution
		HideSolutionNode = FALSE
	EndGlobalSection
	GlobalSection(NestedProjects) = preSolution
		{038FBAB4-BB9F-47CE-AA3C-9451D6600E8D} = {F6F133CF-4B91-4A38-B785-919EB1D90D76}
		{16F65EFC-004B-49E6-BC4B-A50B23C9C01C} = {F6F133CF-4B91-4A38-B785-919EB1D90D76}
		{B1ADB29F-6518-4612-965A-86DD3F14C1CA} = {F6F133CF-4B91-4A38-B785-919EB1D90D76}
		{7350ADAA-2A1C-43E3-B4FC-153B2FD993B9} = {F6F133CF-4B91-4A38-B785-919EB1D90D76}
		{DD375D68-138F-4522-B462-B6861A29A04D} = {F6F133CF-4B91-4A38-B785-919EB1D90D76}
		{01C9E862-80D6-4567-A820-26F9BA1ECAE9} = {F6F133CF-4B91-4A38-B785-919EB1D90D76}
		{1B38023F-22D2-48A7-8649-E116E554D26F} = {F6F133CF-4B91-4A38-B785-919EB1D90D76}
		{AF98DA54-ED4E-49D1-9F1D-E9638BFAAD51} = {F6F133CF-4B91-4A38-B785-919EB1D90D76}
		{76043FDF-DD22-44B5-B284-4CBA966C5265} = {F6F133CF-4B91-4A38-B785-919EB1D90D76}
		{387BB8E3-3EC6-4B81-9679-C886D716960A} = {F6F133CF-4B91-4A38-B785-919EB1D90D76}
		{84FFEE6F-0836-4509-B5C3-075619DF5FF5} = {F6F133CF-4B91-4A38-B785-919EB1D90D76}
		{5AB8BB1F-DF27-4833-811C-E0BA61F488EC} = {F6F133CF-4B91-4A38-B785-919EB1D90D76}
		{F6756F59-EA4E-48BF-A182-ECC7DCF931D3} = {F6F133CF-4B91-4A38-B785-919EB1D90D76}
		{43D1BD3F-2E4E-44B6-A41E-D84A047F604D} = {F6F133CF-4B91-4A38-B785-919EB1D90D76}
		{0F0D5A7F-8972-4BAC-B323-8C8FC75D2B02} = {F6F133CF-4B91-4A38-B785-919EB1D90D76}
		{04A5D670-6812-403E-AE2B-14DAFD93777F} = {0F0D5A7F-8972-4BAC-B323-8C8FC75D2B02}
		{D05ABDFE-AA07-4EAB-82AE-FF8880842168} = {DBFE9177-F6F0-44B7-9FE5-60D33CB45338}
		{4D02ED95-F7BA-45E4-ABA8-4B9A328D3E84} = {DBFE9177-F6F0-44B7-9FE5-60D33CB45338}
		{C8FDB01E-869A-4BDD-8200-05A7F241BE52} = {DBFE9177-F6F0-44B7-9FE5-60D33CB45338}
		{12BC6E6F-1CB0-48B9-A217-610F8832A5FC} = {DBFE9177-F6F0-44B7-9FE5-60D33CB45338}
		{7852471C-7507-4237-A9B3-D009E1746B72} = {61CA2D53-951B-455A-AF57-70C31694FC62}
		{4B36F189-2152-4278-99A7-B5DA5FEE6AE3} = {61CA2D53-951B-455A-AF57-70C31694FC62}
		{C32BF946-2F86-4162-BF18-14E2C0B49592} = {61CA2D53-951B-455A-AF57-70C31694FC62}
		{347196F7-DE20-4914-9E55-F52613AF584D} = {61CA2D53-951B-455A-AF57-70C31694FC62}
		{39C1F696-A970-47B8-9AFA-35A5501A7837} = {61CA2D53-951B-455A-AF57-70C31694FC62}
		{D081A7CF-0447-46D7-91C0-5119EAB51B15} = {61CA2D53-951B-455A-AF57-70C31694FC62}
		{3A225CA4-ECA1-4297-971D-C53CF81312D0} = {61CA2D53-951B-455A-AF57-70C31694FC62}
		{A6948E75-B570-446F-86F2-DF2320700ECE} = {61CA2D53-951B-455A-AF57-70C31694FC62}
		{37E92BC3-DE97-4D26-BCDC-2D48182A2763} = {61CA2D53-951B-455A-AF57-70C31694FC62}
		{5A6A5705-B25B-450F-89D5-A309BACEDF81} = {61CA2D53-951B-455A-AF57-70C31694FC62}
		{962FAA15-F446-4162-B7C1-3FE0ECB9EFEE} = {61CA2D53-951B-455A-AF57-70C31694FC62}
		{40D5171A-351D-4623-8538-4FAD2B250FD2} = {61CA2D53-951B-455A-AF57-70C31694FC62}
		{37518423-E408-4514-A51D-82F67DE5C5B4} = {61CA2D53-951B-455A-AF57-70C31694FC62}
		{A2A0413D-32D4-4796-A35C-595D2BF52E6A} = {61CA2D53-951B-455A-AF57-70C31694FC62}
		{0E9A14F1-D732-47D5-A2A3-B302E85A2AE8} = {61CA2D53-951B-455A-AF57-70C31694FC62}
		{79D3CCD8-F979-4214-A596-A4FA3DF7430D} = {652BC93B-33D3-4949-B764-DC2EE51B44D9}
		{95CA686A-7CF6-44EE-A8C5-5F71E273F59B} = {61CA2D53-951B-455A-AF57-70C31694FC62}
		{0DCAC706-1AEB-4A6E-958A-ECCB90236549} = {61CA2D53-951B-455A-AF57-70C31694FC62}
	EndGlobalSection
	GlobalSection(ExtensibilityGlobals) = postSolution
		SolutionGuid = {17C23403-C75D-4D44-8E23-54EF5C96BD8E}
	EndGlobalSection
EndGlobal
