
Microsoft Visual Studio Solution File, Format Version 12.00
# Visual Studio Version 17
VisualStudioVersion = 17.6.33815.320
MinimumVisualStudioVersion = 10.0.40219.1
Project("{9A19103F-16F7-4668-BE54-9A1E7A4F7556}") = "UNITYST", "UNITYST.csproj", "{CD90FF99-D167-4AF7-8CDB-DD41D10EDEE4}"
EndProject
Project("{9A19103F-16F7-4668-BE54-9A1E7A4F7556}") = "05MemberFunc", "..\05MemberFunc\05MemberFunc.csproj", "{038FBAB4-BB9F-47CE-AA3C-9451D6600E8D}"
EndProject
Project("{9A19103F-16F7-4668-BE54-9A1E7A4F7556}") = "06LocalVar", "..\06LocalVar\06LocalVar.csproj", "{16F65EFC-004B-49E6-BC4B-A50B23C9C01C}"
EndProject
Project("{9A19103F-16F7-4668-BE54-9A1E7A4F7556}") = "07ClassAccess", "..\07ClassAccess\07ClassAccess.csproj", "{B1ADB29F-6518-4612-965A-86DD3F14C1CA}"
EndProject
Project("{9A19103F-16F7-4668-BE54-9A1E7A4F7556}") = "04Prctice", "..\04Prctice\04Prctice.csproj", "{7350ADAA-2A1C-43E3-B4FC-153B2FD993B9}"
EndProject
Project("{9A19103F-16F7-4668-BE54-9A1E7A4F7556}") = "08FuncEx", "..\08FuncEx\08FuncEx.csproj", "{DD375D68-138F-4522-B462-B6861A29A04D}"
EndProject
Project("{9A19103F-16F7-4668-BE54-9A1E7A4F7556}") = "09Memotry", "..\09Memotry\09Memotry.csproj", "{01C9E862-80D6-4567-A820-26F9BA1ECAE9}"
EndProject
Project("{9A19103F-16F7-4668-BE54-9A1E7A4F7556}") = "10StaicVar", "..\10StaicVar\10StaicVar.csproj", "{1B38023F-22D2-48A7-8649-E116E554D26F}"
EndProject
Project("{9A19103F-16F7-4668-BE54-9A1E7A4F7556}") = "11This", "..\11This\11This.csproj", "{AF98DA54-ED4E-49D1-9F1D-E9638BFAAD51}"
EndProject
Project("{FAE04EC0-301F-11D3-BF4B-00C04F79EFBC}") = "12While", "..\12While\12While.csproj", "{76043FDF-DD22-44B5-B284-4CBA966C5265}"
EndProject
Project("{FAE04EC0-301F-11D3-BF4B-00C04F79EFBC}") = "13For", "..\13For\13For.csproj", "{387BB8E3-3EC6-4B81-9679-C886D716960A}"
EndProject
Project("{FAE04EC0-301F-11D3-BF4B-00C04F79EFBC}") = "14If", "..\14If\14If.csproj", "{84FFEE6F-0836-4509-B5C3-075619DF5FF5}"
EndProject
Project("{FAE04EC0-301F-11D3-BF4B-00C04F79EFBC}") = "15Switch", "..\15Switch\15Switch.csproj", "{5AB8BB1F-DF27-4833-811C-E0BA61F488EC}"
EndProject
Global
	GlobalSection(SolutionConfigurationPlatforms) = preSolution
		Debug|Any CPU = Debug|Any CPU
		Release|Any CPU = Release|Any CPU
	EndGlobalSection
	GlobalSection(ProjectConfigurationPlatforms) = postSolution
		{CD90FF99-D167-4AF7-8CDB-DD41D10EDEE4}.Debug|Any CPU.ActiveCfg = Debug|Any CPU
		{CD90FF99-D167-4AF7-8CDB-DD41D10EDEE4}.Debug|Any CPU.Build.0 = Debug|Any CPU
		{CD90FF99-D167-4AF7-8CDB-DD41D10EDEE4}.Release|Any CPU.ActiveCfg = Release|Any CPU
		{CD90FF99-D167-4AF7-8CDB-DD41D10EDEE4}.Release|Any CPU.Build.0 = Release|Any CPU
		{038FBAB4-BB9F-47CE-AA3C-9451D6600E8D}.Debug|Any CPU.ActiveCfg = Debug|Any CPU
		{038FBAB4-BB9F-47CE-AA3C-9451D6600E8D}.Debug|Any CPU.Build.0 = Debug|Any CPU
		{038FBAB4-BB9F-47CE-AA3C-9451D6600E8D}.Release|Any CPU.ActiveCfg = Release|Any CPU
		{038FBAB4-BB9F-47CE-AA3C-9451D6600E8D}.Release|Any CPU.Build.0 = Release|Any CPU
		{16F65EFC-004B-49E6-BC4B-A50B23C9C01C}.Debug|Any CPU.ActiveCfg = Debug|Any CPU
		{16F65EFC-004B-49E6-BC4B-A50B23C9C01C}.Debug|Any CPU.Build.0 = Debug|Any CPU
		{16F65EFC-004B-49E6-BC4B-A50B23C9C01C}.Release|Any CPU.ActiveCfg = Release|Any CPU
		{16F65EFC-004B-49E6-BC4B-A50B23C9C01C}.Release|Any CPU.Build.0 = Release|Any CPU
		{B1ADB29F-6518-4612-965A-86DD3F14C1CA}.Debug|Any CPU.ActiveCfg = Debug|Any CPU
		{B1ADB29F-6518-4612-965A-86DD3F14C1CA}.Debug|Any CPU.Build.0 = Debug|Any CPU
		{B1ADB29F-6518-4612-965A-86DD3F14C1CA}.Release|Any CPU.ActiveCfg = Release|Any CPU
		{B1ADB29F-6518-4612-965A-86DD3F14C1CA}.Release|Any CPU.Build.0 = Release|Any CPU
		{7350ADAA-2A1C-43E3-B4FC-153B2FD993B9}.Debug|Any CPU.ActiveCfg = Debug|Any CPU
		{7350ADAA-2A1C-43E3-B4FC-153B2FD993B9}.Debug|Any CPU.Build.0 = Debug|Any CPU
		{7350ADAA-2A1C-43E3-B4FC-153B2FD993B9}.Release|Any CPU.ActiveCfg = Release|Any CPU
		{7350ADAA-2A1C-43E3-B4FC-153B2FD993B9}.Release|Any CPU.Build.0 = Release|Any CPU
		{DD375D68-138F-4522-B462-B6861A29A04D}.Debug|Any CPU.ActiveCfg = Debug|Any CPU
		{DD375D68-138F-4522-B462-B6861A29A04D}.Debug|Any CPU.Build.0 = Debug|Any CPU
		{DD375D68-138F-4522-B462-B6861A29A04D}.Release|Any CPU.ActiveCfg = Release|Any CPU
		{DD375D68-138F-4522-B462-B6861A29A04D}.Release|Any CPU.Build.0 = Release|Any CPU
		{01C9E862-80D6-4567-A820-26F9BA1ECAE9}.Debug|Any CPU.ActiveCfg = Debug|Any CPU
		{01C9E862-80D6-4567-A820-26F9BA1ECAE9}.Debug|Any CPU.Build.0 = Debug|Any CPU
		{01C9E862-80D6-4567-A820-26F9BA1ECAE9}.Release|Any CPU.ActiveCfg = Release|Any CPU
		{01C9E862-80D6-4567-A820-26F9BA1ECAE9}.Release|Any CPU.Build.0 = Release|Any CPU
		{1B38023F-22D2-48A7-8649-E116E554D26F}.Debug|Any CPU.ActiveCfg = Debug|Any CPU
		{1B38023F-22D2-48A7-8649-E116E554D26F}.Debug|Any CPU.Build.0 = Debug|Any CPU
		{1B38023F-22D2-48A7-8649-E116E554D26F}.Release|Any CPU.ActiveCfg = Release|Any CPU
		{1B38023F-22D2-48A7-8649-E116E554D26F}.Release|Any CPU.Build.0 = Release|Any CPU
		{AF98DA54-ED4E-49D1-9F1D-E9638BFAAD51}.Debug|Any CPU.ActiveCfg = Debug|Any CPU
		{AF98DA54-ED4E-49D1-9F1D-E9638BFAAD51}.Debug|Any CPU.Build.0 = Debug|Any CPU
		{AF98DA54-ED4E-49D1-9F1D-E9638BFAAD51}.Release|Any CPU.ActiveCfg = Release|Any CPU
		{AF98DA54-ED4E-49D1-9F1D-E9638BFAAD51}.Release|Any CPU.Build.0 = Release|Any CPU
		{76043FDF-DD22-44B5-B284-4CBA966C5265}.Debug|Any CPU.ActiveCfg = Debug|Any CPU
		{76043FDF-DD22-44B5-B284-4CBA966C5265}.Debug|Any CPU.Build.0 = Debug|Any CPU
		{76043FDF-DD22-44B5-B284-4CBA966C5265}.Release|Any CPU.ActiveCfg = Release|Any CPU
		{76043FDF-DD22-44B5-B284-4CBA966C5265}.Release|Any CPU.Build.0 = Release|Any CPU
		{387BB8E3-3EC6-4B81-9679-C886D716960A}.Debug|Any CPU.ActiveCfg = Debug|Any CPU
		{387BB8E3-3EC6-4B81-9679-C886D716960A}.Debug|Any CPU.Build.0 = Debug|Any CPU
		{387BB8E3-3EC6-4B81-9679-C886D716960A}.Release|Any CPU.ActiveCfg = Release|Any CPU
		{387BB8E3-3EC6-4B81-9679-C886D716960A}.Release|Any CPU.Build.0 = Release|Any CPU
		{84FFEE6F-0836-4509-B5C3-075619DF5FF5}.Debug|Any CPU.ActiveCfg = Debug|Any CPU
		{84FFEE6F-0836-4509-B5C3-075619DF5FF5}.Debug|Any CPU.Build.0 = Debug|Any CPU
		{84FFEE6F-0836-4509-B5C3-075619DF5FF5}.Release|Any CPU.ActiveCfg = Release|Any CPU
		{84FFEE6F-0836-4509-B5C3-075619DF5FF5}.Release|Any CPU.Build.0 = Release|Any CPU
		{5AB8BB1F-DF27-4833-811C-E0BA61F488EC}.Debug|Any CPU.ActiveCfg = Debug|Any CPU
		{5AB8BB1F-DF27-4833-811C-E0BA61F488EC}.Debug|Any CPU.Build.0 = Debug|Any CPU
		{5AB8BB1F-DF27-4833-811C-E0BA61F488EC}.Release|Any CPU.ActiveCfg = Release|Any CPU
		{5AB8BB1F-DF27-4833-811C-E0BA61F488EC}.Release|Any CPU.Build.0 = Release|Any CPU
	EndGlobalSection
	GlobalSection(SolutionProperties) = preSolution
		HideSolutionNode = FALSE
	EndGlobalSection
	GlobalSection(ExtensibilityGlobals) = postSolution
		SolutionGuid = {17C23403-C75D-4D44-8E23-54EF5C96BD8E}
	EndGlobalSection
EndGlobal
